straight=pyenv depName=pyenv/pyenv datasource=github-tags value=v2.7.1
straight=gomodbrowse-sh depName=berquerant/gomodbrowse-sh datasource=github-tags value=v0.1.0
straight=git-iter-sh depName=berquerant/git-iter-sh datasource=github-tags value=v0.1.0
straight=mpv-settings depName=berquerant/mpv-settings datasource=github-tags value=v0.3.0
straight=nvm depName=nvm-sh/nvm datasource=github-tags value=v0.40.5
straight=emacs-cui depName=emacs-mirror/emacs datasource=github-tags value=emacs-30.2
straight=emacs-gui depName=emacs-mirror/emacs datasource=github-tags value=emacs-30.2
straight=docker-debian-emacs depName=berquerant/docker-debian-emacs datasource=github-tags value=v0.3.0
straight=meta_agent depName=berquerant/meta_agent datasource=github-tags value=0.3.0
